
Microsoft Visual Studio Solution File, Format Version 12.00
# Visual Studio Version 17
VisualStudioVersion = 17.2.32630.192
MinimumVisualStudioVersion = 10.0.40219.1
Project("{FAE04EC0-301F-11D3-BF4B-00C04F79EFBC}") = "KanyeAndRon", "KanyeAndRon\KanyeAndRon.csproj", "{80EFC86A-C864-4CC1-B780-7D0D251A25A7}"
EndProject
Global
	GlobalSection(SolutionConfigurationPlatforms) = preSolution
		Debug|Any CPU = Debug|Any CPU
		Release|Any CPU = Release|Any CPU
	EndGlobalSection
	GlobalSection(ProjectConfigurationPlatforms) = postSolution
		{80EFC86A-C864-4CC1-B780-7D0D251A25A7}.Debug|Any CPU.ActiveCfg = Debug|Any CPU
		{80EFC86A-C864-4CC1-B780-7D0D251A25A7}.Debug|Any CPU.Build.0 = Debug|Any CPU
		{80EFC86A-C864-4CC1-B780-7D0D251A25A7}.Release|Any CPU.ActiveCfg = Release|Any CPU
		{80EFC86A-C864-4CC1-B780-7D0D251A25A7}.Release|Any CPU.Build.0 = Release|Any CPU
	EndGlobalSection
	GlobalSection(SolutionProperties) = preSolution
		HideSolutionNode = FALSE
	EndGlobalSection
	GlobalSection(ExtensibilityGlobals) = postSolution
		SolutionGuid = {44CCF27F-1AB6-4A56-ACC2-09F0F30D0D23}
	EndGlobalSection
EndGlobal
